
Microsoft Visual Studio Solution File, Format Version 12.00
# Visual Studio Version 17
VisualStudioVersion = 17.14.36623.8
MinimumVisualStudioVersion = 10.0.40219.1
Project("{FAE04EC0-301F-11D3-BF4B-00C04F79EFBC}") = "CharitySystem.API", "CharitySystemAPI\CharitySystem.API.csproj", "{00EF3383-23D4-F915-5CEA-36CBAEDCA38E}"
EndProject
Project("{FAE04EC0-301F-11D3-BF4B-00C04F79EFBC}") = "CharitySystem.Application", "CharitySystem.Application\CharitySystem.Application.csproj", "{79C7AB43-E012-1F95-9A92-13B34A1964A8}"
EndProject
Project("{FAE04EC0-301F-11D3-BF4B-00C04F79EFBC}") = "CharitySystem.Domain", "CharitySystem.Domain\CharitySystem.Domain.csproj", "{8D4963D8-5B1A-BE07-C209-4041B2D04D95}"
EndProject
Project("{FAE04EC0-301F-11D3-BF4B-00C04F79EFBC}") = "CharitySystem.Infrastructure", "CharitySystem.Infrastructure\CharitySystem.Infrastructure.csproj", "{C9F2AB79-309F-11EB-149B-042DA972666F}"
EndProject
Global
	GlobalSection(SolutionConfigurationPlatforms) = preSolution
		Debug|Any CPU = Debug|Any CPU
		Release|Any CPU = Release|Any CPU
	EndGlobalSection
	GlobalSection(ProjectConfigurationPlatforms) = postSolution
		{00EF3383-23D4-F915-5CEA-36CBAEDCA38E}.Debug|Any CPU.ActiveCfg = Debug|Any CPU
		{00EF3383-23D4-F915-5CEA-36CBAEDCA38E}.Debug|Any CPU.Build.0 = Debug|Any CPU
		{00EF3383-23D4-F915-5CEA-36CBAEDCA38E}.Release|Any CPU.ActiveCfg = Release|Any CPU
		{00EF3383-23D4-F915-5CEA-36CBAEDCA38E}.Release|Any CPU.Build.0 = Release|Any CPU
		{79C7AB43-E012-1F95-9A92-13B34A1964A8}.Debug|Any CPU.ActiveCfg = Debug|Any CPU
		{79C7AB43-E012-1F95-9A92-13B34A1964A8}.Debug|Any CPU.Build.0 = Debug|Any CPU
		{79C7AB43-E012-1F95-9A92-13B34A1964A8}.Release|Any CPU.ActiveCfg = Release|Any CPU
		{79C7AB43-E012-1F95-9A92-13B34A1964A8}.Release|Any CPU.Build.0 = Release|Any CPU
		{8D4963D8-5B1A-BE07-C209-4041B2D04D95}.Debug|Any CPU.ActiveCfg = Debug|Any CPU
		{8D4963D8-5B1A-BE07-C209-4041B2D04D95}.Debug|Any CPU.Build.0 = Debug|Any CPU
		{8D4963D8-5B1A-BE07-C209-4041B2D04D95}.Release|Any CPU.ActiveCfg = Release|Any CPU
		{8D4963D8-5B1A-BE07-C209-4041B2D04D95}.Release|Any CPU.Build.0 = Release|Any CPU
		{C9F2AB79-309F-11EB-149B-042DA972666F}.Debug|Any CPU.ActiveCfg = Debug|Any CPU
		{C9F2AB79-309F-11EB-149B-042DA972666F}.Debug|Any CPU.Build.0 = Debug|Any CPU
		{C9F2AB79-309F-11EB-149B-042DA972666F}.Release|Any CPU.ActiveCfg = Release|Any CPU
		{C9F2AB79-309F-11EB-149B-042DA972666F}.Release|Any CPU.Build.0 = Release|Any CPU
	EndGlobalSection
	GlobalSection(SolutionProperties) = preSolution
		HideSolutionNode = FALSE
	EndGlobalSection
	GlobalSection(ExtensibilityGlobals) = postSolution
		SolutionGuid = {3C65CFA7-BA69-4FA3-98BF-D5942F97AF4F}
	EndGlobalSection
EndGlobal
